
Microsoft Visual Studio Solution File, Format Version 12.00
# Visual Studio 14
VisualStudioVersion = 14.0.25420.1
MinimumVisualStudioVersion = 10.0.40219.1
Project("{FAE04EC0-301F-11D3-BF4B-00C04F79EFBC}") = "WebApplication1", "WebApplication1\WebApplication1.csproj", "{EB7B61D6-579B-4560-B99A-E43B1AFB0A0C}"
EndProject
Global
	GlobalSection(SolutionConfigurationPlatforms) = preSolution
		Debug|Any CPU = Debug|Any CPU
		Release|Any CPU = Release|Any CPU
	EndGlobalSection
	GlobalSection(ProjectConfigurationPlatforms) = postSolution
		{EB7B61D6-579B-4560-B99A-E43B1AFB0A0C}.Debug|Any CPU.ActiveCfg = Debug|Any CPU
		{EB7B61D6-579B-4560-B99A-E43B1AFB0A0C}.Debug|Any CPU.Build.0 = Debug|Any CPU
		{EB7B61D6-579B-4560-B99A-E43B1AFB0A0C}.Release|Any CPU.ActiveCfg = Release|Any CPU
		{EB7B61D6-579B-4560-B99A-E43B1AFB0A0C}.Release|Any CPU.Build.0 = Release|Any CPU
	EndGlobalSection
	GlobalSection(SolutionProperties) = preSolution
		HideSolutionNode = FALSE
	EndGlobalSection
EndGlobal
